
Microsoft Visual Studio Solution File, Format Version 12.00
# Visual Studio Version 16
VisualStudioVersion = 16.0.31515.178
MinimumVisualStudioVersion = 10.0.40219.1
Project("{FAE04EC0-301F-11D3-BF4B-00C04F79EFBC}") = "ConfigFilePoc", "ConfigFilePoc\ConfigFilePoc.csproj", "{7DC6BB63-E9F0-44F8-8A2C-AFF2418F46D3}"
EndProject
Global
	GlobalSection(SolutionConfigurationPlatforms) = preSolution
		Debug|Any CPU = Debug|Any CPU
		Release|Any CPU = Release|Any CPU
	EndGlobalSection
	GlobalSection(ProjectConfigurationPlatforms) = postSolution
		{7DC6BB63-E9F0-44F8-8A2C-AFF2418F46D3}.Debug|Any CPU.ActiveCfg = Debug|Any CPU
		{7DC6BB63-E9F0-44F8-8A2C-AFF2418F46D3}.Debug|Any CPU.Build.0 = Debug|Any CPU
		{7DC6BB63-E9F0-44F8-8A2C-AFF2418F46D3}.Release|Any CPU.ActiveCfg = Release|Any CPU
		{7DC6BB63-E9F0-44F8-8A2C-AFF2418F46D3}.Release|Any CPU.Build.0 = Release|Any CPU
	EndGlobalSection
	GlobalSection(SolutionProperties) = preSolution
		HideSolutionNode = FALSE
	EndGlobalSection
	GlobalSection(ExtensibilityGlobals) = postSolution
		SolutionGuid = {4B51BE7B-BB93-4530-8589-E86EB6C50960}
	EndGlobalSection
EndGlobal
